{
  "version": 4,
  "terraform_version": "1.0.11",
  "serial": 3,
  "lineage": "df388a29-ebc2-77a7-7aa0-3e31a3336211",
  "outputs": {},
  "resources": [
    {
      "mode": "managed",
      "type": "azurerm_container_registry",
      "name": "acr1",
      "provider": "provider[\"registry.terraform.io/hashicorp/azurerm\"]",
      "instances": [
        {
          "schema_version": 2,
          "attributes": {
            "admin_enabled": false,
            "admin_password": "",
            "admin_username": "",
            "encryption": [
              {
                "enabled": false,
                "identity_client_id": "",
                "key_vault_key_id": ""
              }
            ],
            "georeplication_locations": [],
            "georeplications": [],
            "id": "/subscriptions/b473335b-e612-444d-a496-6ce2680a7f69/resourceGroups/TerraformRG/providers/Microsoft.ContainerRegistry/registries/prachitestcontainerreg",
            "identity": [],
            "location": "eastus",
            "login_server": "prachitestcontainerreg.azurecr.io",
            "name": "prachitestcontainerreg",
            "network_rule_set": [],
            "public_network_access_enabled": true,
            "quarantine_policy_enabled": false,
            "resource_group_name": "TerraformRG",
            "retention_policy": [
              {
                "days": 7,
                "enabled": false
              }
            ],
            "sku": "Standard",
            "storage_account_id": null,
            "tags": null,
            "timeouts": null,
            "trust_policy": [
              {
                "enabled": false
              }
            ],
            "zone_redundancy_enabled": false
          },
          "sensitive_attributes": [],
          "private": "eyJlMmJmYjczMC1lY2FhLTExZTYtOGY4OC0zNDM2M2JjN2M0YzAiOnsiY3JlYXRlIjoxODAwMDAwMDAwMDAwLCJkZWxldGUiOjE4MDAwMDAwMDAwMDAsInJlYWQiOjMwMDAwMDAwMDAwMCwidXBkYXRlIjoxODAwMDAwMDAwMDAwfSwic2NoZW1hX3ZlcnNpb24iOiIyIn0="
        }
      ]
    },
    {
      "mode": "managed",
      "type": "null_resource",
      "name": "image",
      "provider": "provider[\"registry.terraform.io/hashicorp/null\"]",
      "instances": [
        {
          "schema_version": 0,
          "attributes": {
            "id": "4129859373063440063",
            "triggers": {
              "myacr": "/subscriptions/b473335b-e612-444d-a496-6ce2680a7f69/resourceGroups/TerraformRG/providers/Microsoft.ContainerRegistry/registries/prachitestcontainerreg"
            }
          },
          "sensitive_attributes": [],
          "dependencies": [
            "azurerm_container_registry.acr1"
          ]
        }
      ]
    }
  ]
}
